
Microsoft Visual Studio Solution File, Format Version 12.00
# Visual Studio 14
VisualStudioVersion = 14.0.25420.1
MinimumVisualStudioVersion = 10.0.40219.1
Project("{FAE04EC0-301F-11D3-BF4B-00C04F79EFBC}") = "XExampleThree", "XExampleThree\XExampleThree\XExampleThree.csproj", "{6ED422B0-EAAD-4967-9740-3ED91F08313D}"
EndProject
Project("{FAE04EC0-301F-11D3-BF4B-00C04F79EFBC}") = "XExampleThree.Droid", "XExampleThree\XExampleThree.Droid\XExampleThree.Droid.csproj", "{237A8F6A-E790-4BE8-B33F-C33E062A5AB4}"
EndProject
Project("{FAE04EC0-301F-11D3-BF4B-00C04F79EFBC}") = "XExampleThree.iOS", "XExampleThree\XExampleThree.iOS\XExampleThree.iOS.csproj", "{16D18F5F-21FC-4925-B438-CE5C617ED0C0}"
EndProject
Project("{FAE04EC0-301F-11D3-BF4B-00C04F79EFBC}") = "XExampleThree.WinPhone", "XExampleThree\XExampleThree.WinPhone\XExampleThree.WinPhone.csproj", "{3FBA1CEB-ACF7-4C5E-8AA1-049BE3230796}"
EndProject
Project("{FAE04EC0-301F-11D3-BF4B-00C04F79EFBC}") = "XExampleThree.UWP", "XExampleThree\XExampleThree.UWP\XExampleThree.UWP.csproj", "{447AF057-AC8F-451E-A469-009FD8C5326C}"
EndProject
Project("{FAE04EC0-301F-11D3-BF4B-00C04F79EFBC}") = "XExampleThree.Windows", "XExampleThree\XExampleThree.Windows\XExampleThree.Windows.csproj", "{FBCEFB6A-8C77-47DD-A0DF-293855034057}"
EndProject
Global
	GlobalSection(SolutionConfigurationPlatforms) = preSolution
		Ad-Hoc|Any CPU = Ad-Hoc|Any CPU
		Ad-Hoc|ARM = Ad-Hoc|ARM
		Ad-Hoc|iPhone = Ad-Hoc|iPhone
		Ad-Hoc|iPhoneSimulator = Ad-Hoc|iPhoneSimulator
		Ad-Hoc|x64 = Ad-Hoc|x64
		Ad-Hoc|x86 = Ad-Hoc|x86
		AppStore|Any CPU = AppStore|Any CPU
		AppStore|ARM = AppStore|ARM
		AppStore|iPhone = AppStore|iPhone
		AppStore|iPhoneSimulator = AppStore|iPhoneSimulator
		AppStore|x64 = AppStore|x64
		AppStore|x86 = AppStore|x86
		Debug|Any CPU = Debug|Any CPU
		Debug|ARM = Debug|ARM
		Debug|iPhone = Debug|iPhone
		Debug|iPhoneSimulator = Debug|iPhoneSimulator
		Debug|x64 = Debug|x64
		Debug|x86 = Debug|x86
		Release|Any CPU = Release|Any CPU
		Release|ARM = Release|ARM
		Release|iPhone = Release|iPhone
		Release|iPhoneSimulator = Release|iPhoneSimulator
		Release|x64 = Release|x64
		Release|x86 = Release|x86
	EndGlobalSection
	GlobalSection(ProjectConfigurationPlatforms) = postSolution
		{6ED422B0-EAAD-4967-9740-3ED91F08313D}.Ad-Hoc|Any CPU.ActiveCfg = Release|Any CPU
		{6ED422B0-EAAD-4967-9740-3ED91F08313D}.Ad-Hoc|Any CPU.Build.0 = Release|Any CPU
		{6ED422B0-EAAD-4967-9740-3ED91F08313D}.Ad-Hoc|ARM.ActiveCfg = Release|Any CPU
		{6ED422B0-EAAD-4967-9740-3ED91F08313D}.Ad-Hoc|ARM.Build.0 = Release|Any CPU
		{6ED422B0-EAAD-4967-9740-3ED91F08313D}.Ad-Hoc|iPhone.ActiveCfg = Release|Any CPU
		{6ED422B0-EAAD-4967-9740-3ED91F08313D}.Ad-Hoc|iPhone.Build.0 = Release|Any CPU
		{6ED422B0-EAAD-4967-9740-3ED91F08313D}.Ad-Hoc|iPhoneSimulator.ActiveCfg = Release|Any CPU
		{6ED422B0-EAAD-4967-9740-3ED91F08313D}.Ad-Hoc|iPhoneSimulator.Build.0 = Release|Any CPU
		{6ED422B0-EAAD-4967-9740-3ED91F08313D}.Ad-Hoc|x64.ActiveCfg = Release|Any CPU
		{6ED422B0-EAAD-4967-9740-3ED91F08313D}.Ad-Hoc|x64.Build.0 = Release|Any CPU
		{6ED422B0-EAAD-4967-9740-3ED91F08313D}.Ad-Hoc|x86.ActiveCfg = Release|Any CPU
		{6ED422B0-EAAD-4967-9740-3ED91F08313D}.Ad-Hoc|x86.Build.0 = Release|Any CPU
		{6ED422B0-EAAD-4967-9740-3ED91F08313D}.AppStore|Any CPU.ActiveCfg = Release|Any CPU
		{6ED422B0-EAAD-4967-9740-3ED91F08313D}.AppStore|Any CPU.Build.0 = Release|Any CPU
		{6ED422B0-EAAD-4967-9740-3ED91F08313D}.AppStore|ARM.ActiveCfg = Release|Any CPU
		{6ED422B0-EAAD-4967-9740-3ED91F08313D}.AppStore|ARM.Build.0 = Release|Any CPU
		{6ED422B0-EAAD-4967-9740-3ED91F08313D}.AppStore|iPhone.ActiveCfg = Release|Any CPU
		{6ED422B0-EAAD-4967-9740-3ED91F08313D}.AppStore|iPhone.Build.0 = Release|Any CPU
		{6ED422B0-EAAD-4967-9740-3ED91F08313D}.AppStore|iPhoneSimulator.ActiveCfg = Release|Any CPU
		{6ED422B0-EAAD-4967-9740-3ED91F08313D}.AppStore|iPhoneSimulator.Build.0 = Release|Any CPU
		{6ED422B0-EAAD-4967-9740-3ED91F08313D}.AppStore|x64.ActiveCfg = Release|Any CPU
		{6ED422B0-EAAD-4967-9740-3ED91F08313D}.AppStore|x64.Build.0 = Release|Any CPU
		{6ED422B0-EAAD-4967-9740-3ED91F08313D}.AppStore|x86.ActiveCfg = Release|Any CPU
		{6ED422B0-EAAD-4967-9740-3ED91F08313D}.AppStore|x86.Build.0 = Release|Any CPU
		{6ED422B0-EAAD-4967-9740-3ED91F08313D}.Debug|Any CPU.ActiveCfg = Debug|Any CPU
		{6ED422B0-EAAD-4967-9740-3ED91F08313D}.Debug|Any CPU.Build.0 = Debug|Any CPU
		{6ED422B0-EAAD-4967-9740-3ED91F08313D}.Debug|ARM.ActiveCfg = Debug|Any CPU
		{6ED422B0-EAAD-4967-9740-3ED91F08313D}.Debug|ARM.Build.0 = Debug|Any CPU
		{6ED422B0-EAAD-4967-9740-3ED91F08313D}.Debug|iPhone.ActiveCfg = Debug|Any CPU
		{6ED422B0-EAAD-4967-9740-3ED91F08313D}.Debug|iPhone.Build.0 = Debug|Any CPU
		{6ED422B0-EAAD-4967-9740-3ED91F08313D}.Debug|iPhoneSimulator.ActiveCfg = Debug|Any CPU
		{6ED422B0-EAAD-4967-9740-3ED91F08313D}.Debug|iPhoneSimulator.Build.0 = Debug|Any CPU
		{6ED422B0-EAAD-4967-9740-3ED91F08313D}.Debug|x64.ActiveCfg = Debug|Any CPU
		{6ED422B0-EAAD-4967-9740-3ED91F08313D}.Debug|x64.Build.0 = Debug|Any CPU
		{6ED422B0-EAAD-4967-9740-3ED91F08313D}.Debug|x86.ActiveCfg = Debug|Any CPU
		{6ED422B0-EAAD-4967-9740-3ED91F08313D}.Debug|x86.Build.0 = Debug|Any CPU
		{6ED422B0-EAAD-4967-9740-3ED91F08313D}.Release|Any CPU.ActiveCfg = Release|Any CPU
		{6ED422B0-EAAD-4967-9740-3ED91F08313D}.Release|Any CPU.Build.0 = Release|Any CPU
		{6ED422B0-EAAD-4967-9740-3ED91F08313D}.Release|ARM.ActiveCfg = Release|Any CPU
		{6ED422B0-EAAD-4967-9740-3ED91F08313D}.Release|ARM.Build.0 = Release|Any CPU
		{6ED422B0-EAAD-4967-9740-3ED91F08313D}.Release|iPhone.ActiveCfg = Release|Any CPU
		{6ED422B0-EAAD-4967-9740-3ED91F08313D}.Release|iPhone.Build.0 = Release|Any CPU
		{6ED422B0-EAAD-4967-9740-3ED91F08313D}.Release|iPhoneSimulator.ActiveCfg = Release|Any CPU
		{6ED422B0-EAAD-4967-9740-3ED91F08313D}.Release|iPhoneSimulator.Build.0 = Release|Any CPU
		{6ED422B0-EAAD-4967-9740-3ED91F08313D}.Release|x64.ActiveCfg = Release|Any CPU
		{6ED422B0-EAAD-4967-9740-3ED91F08313D}.Release|x64.Build.0 = Release|Any CPU
		{6ED422B0-EAAD-4967-9740-3ED91F08313D}.Release|x86.ActiveCfg = Release|Any CPU
		{6ED422B0-EAAD-4967-9740-3ED91F08313D}.Release|x86.Build.0 = Release|Any CPU
		{237A8F6A-E790-4BE8-B33F-C33E062A5AB4}.Ad-Hoc|Any CPU.ActiveCfg = Release|Any CPU
		{237A8F6A-E790-4BE8-B33F-C33E062A5AB4}.Ad-Hoc|Any CPU.Build.0 = Release|Any CPU
		{237A8F6A-E790-4BE8-B33F-C33E062A5AB4}.Ad-Hoc|Any CPU.Deploy.0 = Release|Any CPU
		{237A8F6A-E790-4BE8-B33F-C33E062A5AB4}.Ad-Hoc|ARM.ActiveCfg = Release|Any CPU
		{237A8F6A-E790-4BE8-B33F-C33E062A5AB4}.Ad-Hoc|ARM.Build.0 = Release|Any CPU
		{237A8F6A-E790-4BE8-B33F-C33E062A5AB4}.Ad-Hoc|ARM.Deploy.0 = Release|Any CPU
		{237A8F6A-E790-4BE8-B33F-C33E062A5AB4}.Ad-Hoc|iPhone.ActiveCfg = Release|Any CPU
		{237A8F6A-E790-4BE8-B33F-C33E062A5AB4}.Ad-Hoc|iPhone.Build.0 = Release|Any CPU
		{237A8F6A-E790-4BE8-B33F-C33E062A5AB4}.Ad-Hoc|iPhone.Deploy.0 = Release|Any CPU
		{237A8F6A-E790-4BE8-B33F-C33E062A5AB4}.Ad-Hoc|iPhoneSimulator.ActiveCfg = Release|Any CPU
		{237A8F6A-E790-4BE8-B33F-C33E062A5AB4}.Ad-Hoc|iPhoneSimulator.Build.0 = Release|Any CPU
		{237A8F6A-E790-4BE8-B33F-C33E062A5AB4}.Ad-Hoc|iPhoneSimulator.Deploy.0 = Release|Any CPU
		{237A8F6A-E790-4BE8-B33F-C33E062A5AB4}.Ad-Hoc|x64.ActiveCfg = Release|Any CPU
		{237A8F6A-E790-4BE8-B33F-C33E062A5AB4}.Ad-Hoc|x64.Build.0 = Release|Any CPU
		{237A8F6A-E790-4BE8-B33F-C33E062A5AB4}.Ad-Hoc|x64.Deploy.0 = Release|Any CPU
		{237A8F6A-E790-4BE8-B33F-C33E062A5AB4}.Ad-Hoc|x86.ActiveCfg = Release|Any CPU
		{237A8F6A-E790-4BE8-B33F-C33E062A5AB4}.Ad-Hoc|x86.Build.0 = Release|Any CPU
		{237A8F6A-E790-4BE8-B33F-C33E062A5AB4}.Ad-Hoc|x86.Deploy.0 = Release|Any CPU
		{237A8F6A-E790-4BE8-B33F-C33E062A5AB4}.AppStore|Any CPU.ActiveCfg = Release|Any CPU
		{237A8F6A-E790-4BE8-B33F-C33E062A5AB4}.AppStore|Any CPU.Build.0 = Release|Any CPU
		{237A8F6A-E790-4BE8-B33F-C33E062A5AB4}.AppStore|Any CPU.Deploy.0 = Release|Any CPU
		{237A8F6A-E790-4BE8-B33F-C33E062A5AB4}.AppStore|ARM.ActiveCfg = Release|Any CPU
		{237A8F6A-E790-4BE8-B33F-C33E062A5AB4}.AppStore|ARM.Build.0 = Release|Any CPU
		{237A8F6A-E790-4BE8-B33F-C33E062A5AB4}.AppStore|ARM.Deploy.0 = Release|Any CPU
		{237A8F6A-E790-4BE8-B33F-C33E062A5AB4}.AppStore|iPhone.ActiveCfg = Release|Any CPU
		{237A8F6A-E790-4BE8-B33F-C33E062A5AB4}.AppStore|iPhone.Build.0 = Release|Any CPU
		{237A8F6A-E790-4BE8-B33F-C33E062A5AB4}.AppStore|iPhone.Deploy.0 = Release|Any CPU
		{237A8F6A-E790-4BE8-B33F-C33E062A5AB4}.AppStore|iPhoneSimulator.ActiveCfg = Release|Any CPU
		{237A8F6A-E790-4BE8-B33F-C33E062A5AB4}.AppStore|iPhoneSimulator.Build.0 = Release|Any CPU
		{237A8F6A-E790-4BE8-B33F-C33E062A5AB4}.AppStore|iPhoneSimulator.Deploy.0 = Release|Any CPU
		{237A8F6A-E790-4BE8-B33F-C33E062A5AB4}.AppStore|x64.ActiveCfg = Release|Any CPU
		{237A8F6A-E790-4BE8-B33F-C33E062A5AB4}.AppStore|x64.Build.0 = Release|Any CPU
		{237A8F6A-E790-4BE8-B33F-C33E062A5AB4}.AppStore|x64.Deploy.0 = Release|Any CPU
		{237A8F6A-E790-4BE8-B33F-C33E062A5AB4}.AppStore|x86.ActiveCfg = Release|Any CPU
		{237A8F6A-E790-4BE8-B33F-C33E062A5AB4}.AppStore|x86.Build.0 = Release|Any CPU
		{237A8F6A-E790-4BE8-B33F-C33E062A5AB4}.AppStore|x86.Deploy.0 = Release|Any CPU
		{237A8F6A-E790-4BE8-B33F-C33E062A5AB4}.Debug|Any CPU.ActiveCfg = Debug|Any CPU
		{237A8F6A-E790-4BE8-B33F-C33E062A5AB4}.Debug|Any CPU.Build.0 = Debug|Any CPU
		{237A8F6A-E790-4BE8-B33F-C33E062A5AB4}.Debug|Any CPU.Deploy.0 = Debug|Any CPU
		{237A8F6A-E790-4BE8-B33F-C33E062A5AB4}.Debug|ARM.ActiveCfg = Debug|Any CPU
		{237A8F6A-E790-4BE8-B33F-C33E062A5AB4}.Debug|ARM.Build.0 = Debug|Any CPU
		{237A8F6A-E790-4BE8-B33F-C33E062A5AB4}.Debug|ARM.Deploy.0 = Debug|Any CPU
		{237A8F6A-E790-4BE8-B33F-C33E062A5AB4}.Debug|iPhone.ActiveCfg = Debug|Any CPU
		{237A8F6A-E790-4BE8-B33F-C33E062A5AB4}.Debug|iPhone.Build.0 = Debug|Any CPU
		{237A8F6A-E790-4BE8-B33F-C33E062A5AB4}.Debug|iPhone.Deploy.0 = Debug|Any CPU
		{237A8F6A-E790-4BE8-B33F-C33E062A5AB4}.Debug|iPhoneSimulator.ActiveCfg = Debug|Any CPU
		{237A8F6A-E790-4BE8-B33F-C33E062A5AB4}.Debug|iPhoneSimulator.Build.0 = Debug|Any CPU
		{237A8F6A-E790-4BE8-B33F-C33E062A5AB4}.Debug|iPhoneSimulator.Deploy.0 = Debug|Any CPU
		{237A8F6A-E790-4BE8-B33F-C33E062A5AB4}.Debug|x64.ActiveCfg = Debug|Any CPU
		{237A8F6A-E790-4BE8-B33F-C33E062A5AB4}.Debug|x64.Build.0 = Debug|Any CPU
		{237A8F6A-E790-4BE8-B33F-C33E062A5AB4}.Debug|x64.Deploy.0 = Debug|Any CPU
		{237A8F6A-E790-4BE8-B33F-C33E062A5AB4}.Debug|x86.ActiveCfg = Debug|Any CPU
		{237A8F6A-E790-4BE8-B33F-C33E062A5AB4}.Debug|x86.Build.0 = Debug|Any CPU
		{237A8F6A-E790-4BE8-B33F-C33E062A5AB4}.Debug|x86.Deploy.0 = Debug|Any CPU
		{237A8F6A-E790-4BE8-B33F-C33E062A5AB4}.Release|Any CPU.ActiveCfg = Release|Any CPU
		{237A8F6A-E790-4BE8-B33F-C33E062A5AB4}.Release|Any CPU.Build.0 = Release|Any CPU
		{237A8F6A-E790-4BE8-B33F-C33E062A5AB4}.Release|Any CPU.Deploy.0 = Release|Any CPU
		{237A8F6A-E790-4BE8-B33F-C33E062A5AB4}.Release|ARM.ActiveCfg = Release|Any CPU
		{237A8F6A-E790-4BE8-B33F-C33E062A5AB4}.Release|ARM.Build.0 = Release|Any CPU
		{237A8F6A-E790-4BE8-B33F-C33E062A5AB4}.Release|ARM.Deploy.0 = Release|Any CPU
		{237A8F6A-E790-4BE8-B33F-C33E062A5AB4}.Release|iPhone.ActiveCfg = Release|Any CPU
		{237A8F6A-E790-4BE8-B33F-C33E062A5AB4}.Release|iPhone.Build.0 = Release|Any CPU
		{237A8F6A-E790-4BE8-B33F-C33E062A5AB4}.Release|iPhone.Deploy.0 = Release|Any CPU
		{237A8F6A-E790-4BE8-B33F-C33E062A5AB4}.Release|iPhoneSimulator.ActiveCfg = Release|Any CPU
		{237A8F6A-E790-4BE8-B33F-C33E062A5AB4}.Release|iPhoneSimulator.Build.0 = Release|Any CPU
		{237A8F6A-E790-4BE8-B33F-C33E062A5AB4}.Release|iPhoneSimulator.Deploy.0 = Release|Any CPU
		{237A8F6A-E790-4BE8-B33F-C33E062A5AB4}.Release|x64.ActiveCfg = Release|Any CPU
		{237A8F6A-E790-4BE8-B33F-C33E062A5AB4}.Release|x64.Build.0 = Release|Any CPU
		{237A8F6A-E790-4BE8-B33F-C33E062A5AB4}.Release|x64.Deploy.0 = Release|Any CPU
		{237A8F6A-E790-4BE8-B33F-C33E062A5AB4}.Release|x86.ActiveCfg = Release|Any CPU
		{237A8F6A-E790-4BE8-B33F-C33E062A5AB4}.Release|x86.Build.0 = Release|Any CPU
		{237A8F6A-E790-4BE8-B33F-C33E062A5AB4}.Release|x86.Deploy.0 = Release|Any CPU
		{16D18F5F-21FC-4925-B438-CE5C617ED0C0}.Ad-Hoc|Any CPU.ActiveCfg = Ad-Hoc|iPhone
		{16D18F5F-21FC-4925-B438-CE5C617ED0C0}.Ad-Hoc|ARM.ActiveCfg = Ad-Hoc|iPhone
		{16D18F5F-21FC-4925-B438-CE5C617ED0C0}.Ad-Hoc|iPhone.ActiveCfg = Ad-Hoc|iPhone
		{16D18F5F-21FC-4925-B438-CE5C617ED0C0}.Ad-Hoc|iPhone.Build.0 = Ad-Hoc|iPhone
		{16D18F5F-21FC-4925-B438-CE5C617ED0C0}.Ad-Hoc|iPhoneSimulator.ActiveCfg = Ad-Hoc|iPhoneSimulator
		{16D18F5F-21FC-4925-B438-CE5C617ED0C0}.Ad-Hoc|iPhoneSimulator.Build.0 = Ad-Hoc|iPhoneSimulator
		{16D18F5F-21FC-4925-B438-CE5C617ED0C0}.Ad-Hoc|x64.ActiveCfg = Ad-Hoc|iPhone
		{16D18F5F-21FC-4925-B438-CE5C617ED0C0}.Ad-Hoc|x86.ActiveCfg = Ad-Hoc|iPhone
		{16D18F5F-21FC-4925-B438-CE5C617ED0C0}.AppStore|Any CPU.ActiveCfg = AppStore|iPhone
		{16D18F5F-21FC-4925-B438-CE5C617ED0C0}.AppStore|ARM.ActiveCfg = AppStore|iPhone
		{16D18F5F-21FC-4925-B438-CE5C617ED0C0}.AppStore|iPhone.ActiveCfg = AppStore|iPhone
		{16D18F5F-21FC-4925-B438-CE5C617ED0C0}.AppStore|iPhone.Build.0 = AppStore|iPhone
		{16D18F5F-21FC-4925-B438-CE5C617ED0C0}.AppStore|iPhoneSimulator.ActiveCfg = AppStore|iPhoneSimulator
		{16D18F5F-21FC-4925-B438-CE5C617ED0C0}.AppStore|iPhoneSimulator.Build.0 = AppStore|iPhoneSimulator
		{16D18F5F-21FC-4925-B438-CE5C617ED0C0}.AppStore|x64.ActiveCfg = AppStore|iPhone
		{16D18F5F-21FC-4925-B438-CE5C617ED0C0}.AppStore|x86.ActiveCfg = AppStore|iPhone
		{16D18F5F-21FC-4925-B438-CE5C617ED0C0}.Debug|Any CPU.ActiveCfg = Debug|iPhone
		{16D18F5F-21FC-4925-B438-CE5C617ED0C0}.Debug|ARM.ActiveCfg = Debug|iPhone
		{16D18F5F-21FC-4925-B438-CE5C617ED0C0}.Debug|iPhone.ActiveCfg = Debug|iPhone
		{16D18F5F-21FC-4925-B438-CE5C617ED0C0}.Debug|iPhone.Build.0 = Debug|iPhone
		{16D18F5F-21FC-4925-B438-CE5C617ED0C0}.Debug|iPhoneSimulator.ActiveCfg = Debug|iPhoneSimulator
		{16D18F5F-21FC-4925-B438-CE5C617ED0C0}.Debug|iPhoneSimulator.Build.0 = Debug|iPhoneSimulator
		{16D18F5F-21FC-4925-B438-CE5C617ED0C0}.Debug|x64.ActiveCfg = Debug|iPhone
		{16D18F5F-21FC-4925-B438-CE5C617ED0C0}.Debug|x86.ActiveCfg = Debug|iPhone
		{16D18F5F-21FC-4925-B438-CE5C617ED0C0}.Release|Any CPU.ActiveCfg = Release|iPhone
		{16D18F5F-21FC-4925-B438-CE5C617ED0C0}.Release|ARM.ActiveCfg = Release|iPhone
		{16D18F5F-21FC-4925-B438-CE5C617ED0C0}.Release|iPhone.ActiveCfg = Release|iPhone
		{16D18F5F-21FC-4925-B438-CE5C617ED0C0}.Release|iPhone.Build.0 = Release|iPhone
		{16D18F5F-21FC-4925-B438-CE5C617ED0C0}.Release|iPhoneSimulator.ActiveCfg = Release|iPhoneSimulator
		{16D18F5F-21FC-4925-B438-CE5C617ED0C0}.Release|iPhoneSimulator.Build.0 = Release|iPhoneSimulator
		{16D18F5F-21FC-4925-B438-CE5C617ED0C0}.Release|x64.ActiveCfg = Release|iPhone
		{16D18F5F-21FC-4925-B438-CE5C617ED0C0}.Release|x86.ActiveCfg = Release|iPhone
		{3FBA1CEB-ACF7-4C5E-8AA1-049BE3230796}.Ad-Hoc|Any CPU.ActiveCfg = Release|Any CPU
		{3FBA1CEB-ACF7-4C5E-8AA1-049BE3230796}.Ad-Hoc|Any CPU.Build.0 = Release|Any CPU
		{3FBA1CEB-ACF7-4C5E-8AA1-049BE3230796}.Ad-Hoc|Any CPU.Deploy.0 = Release|Any CPU
		{3FBA1CEB-ACF7-4C5E-8AA1-049BE3230796}.Ad-Hoc|ARM.ActiveCfg = Release|ARM
		{3FBA1CEB-ACF7-4C5E-8AA1-049BE3230796}.Ad-Hoc|ARM.Build.0 = Release|ARM
		{3FBA1CEB-ACF7-4C5E-8AA1-049BE3230796}.Ad-Hoc|ARM.Deploy.0 = Release|ARM
		{3FBA1CEB-ACF7-4C5E-8AA1-049BE3230796}.Ad-Hoc|iPhone.ActiveCfg = Release|Any CPU
		{3FBA1CEB-ACF7-4C5E-8AA1-049BE3230796}.Ad-Hoc|iPhone.Build.0 = Release|Any CPU
		{3FBA1CEB-ACF7-4C5E-8AA1-049BE3230796}.Ad-Hoc|iPhone.Deploy.0 = Release|Any CPU
		{3FBA1CEB-ACF7-4C5E-8AA1-049BE3230796}.Ad-Hoc|iPhoneSimulator.ActiveCfg = Release|Any CPU
		{3FBA1CEB-ACF7-4C5E-8AA1-049BE3230796}.Ad-Hoc|iPhoneSimulator.Build.0 = Release|Any CPU
		{3FBA1CEB-ACF7-4C5E-8AA1-049BE3230796}.Ad-Hoc|iPhoneSimulator.Deploy.0 = Release|Any CPU
		{3FBA1CEB-ACF7-4C5E-8AA1-049BE3230796}.Ad-Hoc|x64.ActiveCfg = Release|Any CPU
		{3FBA1CEB-ACF7-4C5E-8AA1-049BE3230796}.Ad-Hoc|x64.Build.0 = Release|Any CPU
		{3FBA1CEB-ACF7-4C5E-8AA1-049BE3230796}.Ad-Hoc|x64.Deploy.0 = Release|Any CPU
		{3FBA1CEB-ACF7-4C5E-8AA1-049BE3230796}.Ad-Hoc|x86.ActiveCfg = Release|x86
		{3FBA1CEB-ACF7-4C5E-8AA1-049BE3230796}.Ad-Hoc|x86.Build.0 = Release|x86
		{3FBA1CEB-ACF7-4C5E-8AA1-049BE3230796}.Ad-Hoc|x86.Deploy.0 = Release|x86
		{3FBA1CEB-ACF7-4C5E-8AA1-049BE3230796}.AppStore|Any CPU.ActiveCfg = Release|Any CPU
		{3FBA1CEB-ACF7-4C5E-8AA1-049BE3230796}.AppStore|Any CPU.Build.0 = Release|Any CPU
		{3FBA1CEB-ACF7-4C5E-8AA1-049BE3230796}.AppStore|Any CPU.Deploy.0 = Release|Any CPU
		{3FBA1CEB-ACF7-4C5E-8AA1-049BE3230796}.AppStore|ARM.ActiveCfg = Release|ARM
		{3FBA1CEB-ACF7-4C5E-8AA1-049BE3230796}.AppStore|ARM.Build.0 = Release|ARM
		{3FBA1CEB-ACF7-4C5E-8AA1-049BE3230796}.AppStore|ARM.Deploy.0 = Release|ARM
		{3FBA1CEB-ACF7-4C5E-8AA1-049BE3230796}.AppStore|iPhone.ActiveCfg = Release|Any CPU
		{3FBA1CEB-ACF7-4C5E-8AA1-049BE3230796}.AppStore|iPhone.Build.0 = Release|Any CPU
		{3FBA1CEB-ACF7-4C5E-8AA1-049BE3230796}.AppStore|iPhone.Deploy.0 = Release|Any CPU
		{3FBA1CEB-ACF7-4C5E-8AA1-049BE3230796}.AppStore|iPhoneSimulator.ActiveCfg = Release|Any CPU
		{3FBA1CEB-ACF7-4C5E-8AA1-049BE3230796}.AppStore|iPhoneSimulator.Build.0 = Release|Any CPU
		{3FBA1CEB-ACF7-4C5E-8AA1-049BE3230796}.AppStore|iPhoneSimulator.Deploy.0 = Release|Any CPU
		{3FBA1CEB-ACF7-4C5E-8AA1-049BE3230796}.AppStore|x64.ActiveCfg = Release|Any CPU
		{3FBA1CEB-ACF7-4C5E-8AA1-049BE3230796}.AppStore|x64.Build.0 = Release|Any CPU
		{3FBA1CEB-ACF7-4C5E-8AA1-049BE3230796}.AppStore|x64.Deploy.0 = Release|Any CPU
		{3FBA1CEB-ACF7-4C5E-8AA1-049BE3230796}.AppStore|x86.ActiveCfg = Release|x86
		{3FBA1CEB-ACF7-4C5E-8AA1-049BE3230796}.AppStore|x86.Build.0 = Release|x86
		{3FBA1CEB-ACF7-4C5E-8AA1-049BE3230796}.AppStore|x86.Deploy.0 = Release|x86
		{3FBA1CEB-ACF7-4C5E-8AA1-049BE3230796}.Debug|Any CPU.ActiveCfg = Debug|Any CPU
		{3FBA1CEB-ACF7-4C5E-8AA1-049BE3230796}.Debug|ARM.ActiveCfg = Debug|ARM
		{3FBA1CEB-ACF7-4C5E-8AA1-049BE3230796}.Debug|ARM.Build.0 = Debug|ARM
		{3FBA1CEB-ACF7-4C5E-8AA1-049BE3230796}.Debug|ARM.Deploy.0 = Debug|ARM
		{3FBA1CEB-ACF7-4C5E-8AA1-049BE3230796}.Debug|iPhone.ActiveCfg = Debug|Any CPU
		{3FBA1CEB-ACF7-4C5E-8AA1-049BE3230796}.Debug|iPhone.Build.0 = Debug|Any CPU
		{3FBA1CEB-ACF7-4C5E-8AA1-049BE3230796}.Debug|iPhone.Deploy.0 = Debug|Any CPU
		{3FBA1CEB-ACF7-4C5E-8AA1-049BE3230796}.Debug|iPhoneSimulator.ActiveCfg = Debug|Any CPU
		{3FBA1CEB-ACF7-4C5E-8AA1-049BE3230796}.Debug|iPhoneSimulator.Build.0 = Debug|Any CPU
		{3FBA1CEB-ACF7-4C5E-8AA1-049BE3230796}.Debug|iPhoneSimulator.Deploy.0 = Debug|Any CPU
		{3FBA1CEB-ACF7-4C5E-8AA1-049BE3230796}.Debug|x64.ActiveCfg = Debug|Any CPU
		{3FBA1CEB-ACF7-4C5E-8AA1-049BE3230796}.Debug|x64.Build.0 = Debug|Any CPU
		{3FBA1CEB-ACF7-4C5E-8AA1-049BE3230796}.Debug|x64.Deploy.0 = Debug|Any CPU
		{3FBA1CEB-ACF7-4C5E-8AA1-049BE3230796}.Debug|x86.ActiveCfg = Debug|x86
		{3FBA1CEB-ACF7-4C5E-8AA1-049BE3230796}.Debug|x86.Build.0 = Debug|x86
		{3FBA1CEB-ACF7-4C5E-8AA1-049BE3230796}.Debug|x86.Deploy.0 = Debug|x86
		{3FBA1CEB-ACF7-4C5E-8AA1-049BE3230796}.Release|Any CPU.ActiveCfg = Release|Any CPU
		{3FBA1CEB-ACF7-4C5E-8AA1-049BE3230796}.Release|Any CPU.Build.0 = Release|Any CPU
		{3FBA1CEB-ACF7-4C5E-8AA1-049BE3230796}.Release|Any CPU.Deploy.0 = Release|Any CPU
		{3FBA1CEB-ACF7-4C5E-8AA1-049BE3230796}.Release|ARM.ActiveCfg = Release|ARM
		{3FBA1CEB-ACF7-4C5E-8AA1-049BE3230796}.Release|ARM.Build.0 = Release|ARM
		{3FBA1CEB-ACF7-4C5E-8AA1-049BE3230796}.Release|ARM.Deploy.0 = Release|ARM
		{3FBA1CEB-ACF7-4C5E-8AA1-049BE3230796}.Release|iPhone.ActiveCfg = Release|Any CPU
		{3FBA1CEB-ACF7-4C5E-8AA1-049BE3230796}.Release|iPhone.Build.0 = Release|Any CPU
		{3FBA1CEB-ACF7-4C5E-8AA1-049BE3230796}.Release|iPhone.Deploy.0 = Release|Any CPU
		{3FBA1CEB-ACF7-4C5E-8AA1-049BE3230796}.Release|iPhoneSimulator.ActiveCfg = Release|Any CPU
		{3FBA1CEB-ACF7-4C5E-8AA1-049BE3230796}.Release|iPhoneSimulator.Build.0 = Release|Any CPU
		{3FBA1CEB-ACF7-4C5E-8AA1-049BE3230796}.Release|iPhoneSimulator.Deploy.0 = Release|Any CPU
		{3FBA1CEB-ACF7-4C5E-8AA1-049BE3230796}.Release|x64.ActiveCfg = Release|Any CPU
		{3FBA1CEB-ACF7-4C5E-8AA1-049BE3230796}.Release|x64.Build.0 = Release|Any CPU
		{3FBA1CEB-ACF7-4C5E-8AA1-049BE3230796}.Release|x64.Deploy.0 = Release|Any CPU
		{3FBA1CEB-ACF7-4C5E-8AA1-049BE3230796}.Release|x86.ActiveCfg = Release|x86
		{3FBA1CEB-ACF7-4C5E-8AA1-049BE3230796}.Release|x86.Build.0 = Release|x86
		{3FBA1CEB-ACF7-4C5E-8AA1-049BE3230796}.Release|x86.Deploy.0 = Release|x86
		{447AF057-AC8F-451E-A469-009FD8C5326C}.Ad-Hoc|Any CPU.ActiveCfg = Release|x86
		{447AF057-AC8F-451E-A469-009FD8C5326C}.Ad-Hoc|Any CPU.Build.0 = Release|x86
		{447AF057-AC8F-451E-A469-009FD8C5326C}.Ad-Hoc|Any CPU.Deploy.0 = Release|x86
		{447AF057-AC8F-451E-A469-009FD8C5326C}.Ad-Hoc|ARM.ActiveCfg = Release|ARM
		{447AF057-AC8F-451E-A469-009FD8C5326C}.Ad-Hoc|ARM.Build.0 = Release|ARM
		{447AF057-AC8F-451E-A469-009FD8C5326C}.Ad-Hoc|ARM.Deploy.0 = Release|ARM
		{447AF057-AC8F-451E-A469-009FD8C5326C}.Ad-Hoc|iPhone.ActiveCfg = Release|x86
		{447AF057-AC8F-451E-A469-009FD8C5326C}.Ad-Hoc|iPhone.Build.0 = Release|x86
		{447AF057-AC8F-451E-A469-009FD8C5326C}.Ad-Hoc|iPhone.Deploy.0 = Release|x86
		{447AF057-AC8F-451E-A469-009FD8C5326C}.Ad-Hoc|iPhoneSimulator.ActiveCfg = Release|x86
		{447AF057-AC8F-451E-A469-009FD8C5326C}.Ad-Hoc|iPhoneSimulator.Build.0 = Release|x86
		{447AF057-AC8F-451E-A469-009FD8C5326C}.Ad-Hoc|iPhoneSimulator.Deploy.0 = Release|x86
		{447AF057-AC8F-451E-A469-009FD8C5326C}.Ad-Hoc|x64.ActiveCfg = Release|x64
		{447AF057-AC8F-451E-A469-009FD8C5326C}.Ad-Hoc|x64.Build.0 = Release|x64
		{447AF057-AC8F-451E-A469-009FD8C5326C}.Ad-Hoc|x64.Deploy.0 = Release|x64
		{447AF057-AC8F-451E-A469-009FD8C5326C}.Ad-Hoc|x86.ActiveCfg = Release|x86
		{447AF057-AC8F-451E-A469-009FD8C5326C}.Ad-Hoc|x86.Build.0 = Release|x86
		{447AF057-AC8F-451E-A469-009FD8C5326C}.Ad-Hoc|x86.Deploy.0 = Release|x86
		{447AF057-AC8F-451E-A469-009FD8C5326C}.AppStore|Any CPU.ActiveCfg = Release|x86
		{447AF057-AC8F-451E-A469-009FD8C5326C}.AppStore|Any CPU.Build.0 = Release|x86
		{447AF057-AC8F-451E-A469-009FD8C5326C}.AppStore|Any CPU.Deploy.0 = Release|x86
		{447AF057-AC8F-451E-A469-009FD8C5326C}.AppStore|ARM.ActiveCfg = Release|ARM
		{447AF057-AC8F-451E-A469-009FD8C5326C}.AppStore|ARM.Build.0 = Release|ARM
		{447AF057-AC8F-451E-A469-009FD8C5326C}.AppStore|ARM.Deploy.0 = Release|ARM
		{447AF057-AC8F-451E-A469-009FD8C5326C}.AppStore|iPhone.ActiveCfg = Release|x86
		{447AF057-AC8F-451E-A469-009FD8C5326C}.AppStore|iPhone.Build.0 = Release|x86
		{447AF057-AC8F-451E-A469-009FD8C5326C}.AppStore|iPhone.Deploy.0 = Release|x86
		{447AF057-AC8F-451E-A469-009FD8C5326C}.AppStore|iPhoneSimulator.ActiveCfg = Release|x86
		{447AF057-AC8F-451E-A469-009FD8C5326C}.AppStore|iPhoneSimulator.Build.0 = Release|x86
		{447AF057-AC8F-451E-A469-009FD8C5326C}.AppStore|iPhoneSimulator.Deploy.0 = Release|x86
		{447AF057-AC8F-451E-A469-009FD8C5326C}.AppStore|x64.ActiveCfg = Release|x64
		{447AF057-AC8F-451E-A469-009FD8C5326C}.AppStore|x64.Build.0 = Release|x64
		{447AF057-AC8F-451E-A469-009FD8C5326C}.AppStore|x64.Deploy.0 = Release|x64
		{447AF057-AC8F-451E-A469-009FD8C5326C}.AppStore|x86.ActiveCfg = Release|x86
		{447AF057-AC8F-451E-A469-009FD8C5326C}.AppStore|x86.Build.0 = Release|x86
		{447AF057-AC8F-451E-A469-009FD8C5326C}.AppStore|x86.Deploy.0 = Release|x86
		{447AF057-AC8F-451E-A469-009FD8C5326C}.Debug|Any CPU.ActiveCfg = Debug|x86
		{447AF057-AC8F-451E-A469-009FD8C5326C}.Debug|Any CPU.Build.0 = Debug|x86
		{447AF057-AC8F-451E-A469-009FD8C5326C}.Debug|Any CPU.Deploy.0 = Debug|x86
		{447AF057-AC8F-451E-A469-009FD8C5326C}.Debug|ARM.ActiveCfg = Debug|ARM
		{447AF057-AC8F-451E-A469-009FD8C5326C}.Debug|ARM.Build.0 = Debug|ARM
		{447AF057-AC8F-451E-A469-009FD8C5326C}.Debug|ARM.Deploy.0 = Debug|ARM
		{447AF057-AC8F-451E-A469-009FD8C5326C}.Debug|iPhone.ActiveCfg = Debug|x86
		{447AF057-AC8F-451E-A469-009FD8C5326C}.Debug|iPhoneSimulator.ActiveCfg = Debug|x86
		{447AF057-AC8F-451E-A469-009FD8C5326C}.Debug|x64.ActiveCfg = Debug|x64
		{447AF057-AC8F-451E-A469-009FD8C5326C}.Debug|x64.Build.0 = Debug|x64
		{447AF057-AC8F-451E-A469-009FD8C5326C}.Debug|x64.Deploy.0 = Debug|x64
		{447AF057-AC8F-451E-A469-009FD8C5326C}.Debug|x86.ActiveCfg = Debug|x86
		{447AF057-AC8F-451E-A469-009FD8C5326C}.Debug|x86.Build.0 = Debug|x86
		{447AF057-AC8F-451E-A469-009FD8C5326C}.Debug|x86.Deploy.0 = Debug|x86
		{447AF057-AC8F-451E-A469-009FD8C5326C}.Release|Any CPU.ActiveCfg = Release|x86
		{447AF057-AC8F-451E-A469-009FD8C5326C}.Release|ARM.ActiveCfg = Release|ARM
		{447AF057-AC8F-451E-A469-009FD8C5326C}.Release|ARM.Build.0 = Release|ARM
		{447AF057-AC8F-451E-A469-009FD8C5326C}.Release|ARM.Deploy.0 = Release|ARM
		{447AF057-AC8F-451E-A469-009FD8C5326C}.Release|iPhone.ActiveCfg = Release|x86
		{447AF057-AC8F-451E-A469-009FD8C5326C}.Release|iPhoneSimulator.ActiveCfg = Release|x86
		{447AF057-AC8F-451E-A469-009FD8C5326C}.Release|x64.ActiveCfg = Release|x64
		{447AF057-AC8F-451E-A469-009FD8C5326C}.Release|x64.Build.0 = Release|x64
		{447AF057-AC8F-451E-A469-009FD8C5326C}.Release|x64.Deploy.0 = Release|x64
		{447AF057-AC8F-451E-A469-009FD8C5326C}.Release|x86.ActiveCfg = Release|x86
		{447AF057-AC8F-451E-A469-009FD8C5326C}.Release|x86.Build.0 = Release|x86
		{447AF057-AC8F-451E-A469-009FD8C5326C}.Release|x86.Deploy.0 = Release|x86
		{FBCEFB6A-8C77-47DD-A0DF-293855034057}.Ad-Hoc|Any CPU.ActiveCfg = Release|Any CPU
		{FBCEFB6A-8C77-47DD-A0DF-293855034057}.Ad-Hoc|Any CPU.Build.0 = Release|Any CPU
		{FBCEFB6A-8C77-47DD-A0DF-293855034057}.Ad-Hoc|Any CPU.Deploy.0 = Release|Any CPU
		{FBCEFB6A-8C77-47DD-A0DF-293855034057}.Ad-Hoc|ARM.ActiveCfg = Release|ARM
		{FBCEFB6A-8C77-47DD-A0DF-293855034057}.Ad-Hoc|ARM.Build.0 = Release|ARM
		{FBCEFB6A-8C77-47DD-A0DF-293855034057}.Ad-Hoc|ARM.Deploy.0 = Release|ARM
		{FBCEFB6A-8C77-47DD-A0DF-293855034057}.Ad-Hoc|iPhone.ActiveCfg = Release|Any CPU
		{FBCEFB6A-8C77-47DD-A0DF-293855034057}.Ad-Hoc|iPhone.Build.0 = Release|Any CPU
		{FBCEFB6A-8C77-47DD-A0DF-293855034057}.Ad-Hoc|iPhone.Deploy.0 = Release|Any CPU
		{FBCEFB6A-8C77-47DD-A0DF-293855034057}.Ad-Hoc|iPhoneSimulator.ActiveCfg = Release|Any CPU
		{FBCEFB6A-8C77-47DD-A0DF-293855034057}.Ad-Hoc|iPhoneSimulator.Build.0 = Release|Any CPU
		{FBCEFB6A-8C77-47DD-A0DF-293855034057}.Ad-Hoc|iPhoneSimulator.Deploy.0 = Release|Any CPU
		{FBCEFB6A-8C77-47DD-A0DF-293855034057}.Ad-Hoc|x64.ActiveCfg = Release|x64
		{FBCEFB6A-8C77-47DD-A0DF-293855034057}.Ad-Hoc|x64.Build.0 = Release|x64
		{FBCEFB6A-8C77-47DD-A0DF-293855034057}.Ad-Hoc|x64.Deploy.0 = Release|x64
		{FBCEFB6A-8C77-47DD-A0DF-293855034057}.Ad-Hoc|x86.ActiveCfg = Release|x86
		{FBCEFB6A-8C77-47DD-A0DF-293855034057}.Ad-Hoc|x86.Build.0 = Release|x86
		{FBCEFB6A-8C77-47DD-A0DF-293855034057}.Ad-Hoc|x86.Deploy.0 = Release|x86
		{FBCEFB6A-8C77-47DD-A0DF-293855034057}.AppStore|Any CPU.ActiveCfg = Release|Any CPU
		{FBCEFB6A-8C77-47DD-A0DF-293855034057}.AppStore|Any CPU.Build.0 = Release|Any CPU
		{FBCEFB6A-8C77-47DD-A0DF-293855034057}.AppStore|Any CPU.Deploy.0 = Release|Any CPU
		{FBCEFB6A-8C77-47DD-A0DF-293855034057}.AppStore|ARM.ActiveCfg = Release|ARM
		{FBCEFB6A-8C77-47DD-A0DF-293855034057}.AppStore|ARM.Build.0 = Release|ARM
		{FBCEFB6A-8C77-47DD-A0DF-293855034057}.AppStore|ARM.Deploy.0 = Release|ARM
		{FBCEFB6A-8C77-47DD-A0DF-293855034057}.AppStore|iPhone.ActiveCfg = Release|Any CPU
		{FBCEFB6A-8C77-47DD-A0DF-293855034057}.AppStore|iPhone.Build.0 = Release|Any CPU
		{FBCEFB6A-8C77-47DD-A0DF-293855034057}.AppStore|iPhone.Deploy.0 = Release|Any CPU
		{FBCEFB6A-8C77-47DD-A0DF-293855034057}.AppStore|iPhoneSimulator.ActiveCfg = Release|Any CPU
		{FBCEFB6A-8C77-47DD-A0DF-293855034057}.AppStore|iPhoneSimulator.Build.0 = Release|Any CPU
		{FBCEFB6A-8C77-47DD-A0DF-293855034057}.AppStore|iPhoneSimulator.Deploy.0 = Release|Any CPU
		{FBCEFB6A-8C77-47DD-A0DF-293855034057}.AppStore|x64.ActiveCfg = Release|x64
		{FBCEFB6A-8C77-47DD-A0DF-293855034057}.AppStore|x64.Build.0 = Release|x64
		{FBCEFB6A-8C77-47DD-A0DF-293855034057}.AppStore|x64.Deploy.0 = Release|x64
		{FBCEFB6A-8C77-47DD-A0DF-293855034057}.AppStore|x86.ActiveCfg = Release|x86
		{FBCEFB6A-8C77-47DD-A0DF-293855034057}.AppStore|x86.Build.0 = Release|x86
		{FBCEFB6A-8C77-47DD-A0DF-293855034057}.AppStore|x86.Deploy.0 = Release|x86
		{FBCEFB6A-8C77-47DD-A0DF-293855034057}.Debug|Any CPU.ActiveCfg = Debug|Any CPU
		{FBCEFB6A-8C77-47DD-A0DF-293855034057}.Debug|ARM.ActiveCfg = Debug|ARM
		{FBCEFB6A-8C77-47DD-A0DF-293855034057}.Debug|ARM.Build.0 = Debug|ARM
		{FBCEFB6A-8C77-47DD-A0DF-293855034057}.Debug|ARM.Deploy.0 = Debug|ARM
		{FBCEFB6A-8C77-47DD-A0DF-293855034057}.Debug|iPhone.ActiveCfg = Debug|Any CPU
		{FBCEFB6A-8C77-47DD-A0DF-293855034057}.Debug|iPhone.Build.0 = Debug|Any CPU
		{FBCEFB6A-8C77-47DD-A0DF-293855034057}.Debug|iPhone.Deploy.0 = Debug|Any CPU
		{FBCEFB6A-8C77-47DD-A0DF-293855034057}.Debug|iPhoneSimulator.ActiveCfg = Debug|Any CPU
		{FBCEFB6A-8C77-47DD-A0DF-293855034057}.Debug|iPhoneSimulator.Build.0 = Debug|Any CPU
		{FBCEFB6A-8C77-47DD-A0DF-293855034057}.Debug|iPhoneSimulator.Deploy.0 = Debug|Any CPU
		{FBCEFB6A-8C77-47DD-A0DF-293855034057}.Debug|x64.ActiveCfg = Debug|x64
		{FBCEFB6A-8C77-47DD-A0DF-293855034057}.Debug|x64.Build.0 = Debug|x64
		{FBCEFB6A-8C77-47DD-A0DF-293855034057}.Debug|x64.Deploy.0 = Debug|x64
		{FBCEFB6A-8C77-47DD-A0DF-293855034057}.Debug|x86.ActiveCfg = Debug|x86
		{FBCEFB6A-8C77-47DD-A0DF-293855034057}.Debug|x86.Build.0 = Debug|x86
		{FBCEFB6A-8C77-47DD-A0DF-293855034057}.Debug|x86.Deploy.0 = Debug|x86
		{FBCEFB6A-8C77-47DD-A0DF-293855034057}.Release|Any CPU.ActiveCfg = Release|Any CPU
		{FBCEFB6A-8C77-47DD-A0DF-293855034057}.Release|Any CPU.Build.0 = Release|Any CPU
		{FBCEFB6A-8C77-47DD-A0DF-293855034057}.Release|Any CPU.Deploy.0 = Release|Any CPU
		{FBCEFB6A-8C77-47DD-A0DF-293855034057}.Release|ARM.ActiveCfg = Release|ARM
		{FBCEFB6A-8C77-47DD-A0DF-293855034057}.Release|ARM.Build.0 = Release|ARM
		{FBCEFB6A-8C77-47DD-A0DF-293855034057}.Release|ARM.Deploy.0 = Release|ARM
		{FBCEFB6A-8C77-47DD-A0DF-293855034057}.Release|iPhone.ActiveCfg = Release|Any CPU
		{FBCEFB6A-8C77-47DD-A0DF-293855034057}.Release|iPhone.Build.0 = Release|Any CPU
		{FBCEFB6A-8C77-47DD-A0DF-293855034057}.Release|iPhone.Deploy.0 = Release|Any CPU
		{FBCEFB6A-8C77-47DD-A0DF-293855034057}.Release|iPhoneSimulator.ActiveCfg = Release|Any CPU
		{FBCEFB6A-8C77-47DD-A0DF-293855034057}.Release|iPhoneSimulator.Build.0 = Release|Any CPU
		{FBCEFB6A-8C77-47DD-A0DF-293855034057}.Release|iPhoneSimulator.Deploy.0 = Release|Any CPU
		{FBCEFB6A-8C77-47DD-A0DF-293855034057}.Release|x64.ActiveCfg = Release|x64
		{FBCEFB6A-8C77-47DD-A0DF-293855034057}.Release|x64.Build.0 = Release|x64
		{FBCEFB6A-8C77-47DD-A0DF-293855034057}.Release|x64.Deploy.0 = Release|x64
		{FBCEFB6A-8C77-47DD-A0DF-293855034057}.Release|x86.ActiveCfg = Release|x86
		{FBCEFB6A-8C77-47DD-A0DF-293855034057}.Release|x86.Build.0 = Release|x86
		{FBCEFB6A-8C77-47DD-A0DF-293855034057}.Release|x86.Deploy.0 = Release|x86
	EndGlobalSection
	GlobalSection(SolutionProperties) = preSolution
		HideSolutionNode = FALSE
	EndGlobalSection
EndGlobal
